
Microsoft Visual Studio Solution File, Format Version 12.00
# Visual Studio 15
VisualStudioVersion = 15.0.27703.2035
MinimumVisualStudioVersion = 10.0.40219.1
Project("{FAE04EC0-301F-11D3-BF4B-00C04F79EFBC}") = "SpektrometrCore", "SpektrometrCore\SpektrometrCore.csproj", "{59982ACC-1904-4F71-900E-56ACBB389D91}"
EndProject
Project("{FAE04EC0-301F-11D3-BF4B-00C04F79EFBC}") = "SpektrometrDevTest", "SpektrometrDevTest\SpektrometrDevTest.csproj", "{355C7AFF-DF19-46BF-B883-2CB3342DC072}"
EndProject
Project("{FAE04EC0-301F-11D3-BF4B-00C04F79EFBC}") = "SpectrometrBasic", "SpectrometrBasic\SpectrometrBasic.csproj", "{0A3647C1-09CB-4BEC-86ED-959216970DAD}"
EndProject
Global
	GlobalSection(SolutionConfigurationPlatforms) = preSolution
		Debug|Any CPU = Debug|Any CPU
		Release|Any CPU = Release|Any CPU
	EndGlobalSection
	GlobalSection(ProjectConfigurationPlatforms) = postSolution
		{59982ACC-1904-4F71-900E-56ACBB389D91}.Debug|Any CPU.ActiveCfg = Debug|Any CPU
		{59982ACC-1904-4F71-900E-56ACBB389D91}.Debug|Any CPU.Build.0 = Debug|Any CPU
		{59982ACC-1904-4F71-900E-56ACBB389D91}.Release|Any CPU.ActiveCfg = Release|Any CPU
		{59982ACC-1904-4F71-900E-56ACBB389D91}.Release|Any CPU.Build.0 = Release|Any CPU
		{355C7AFF-DF19-46BF-B883-2CB3342DC072}.Debug|Any CPU.ActiveCfg = Debug|Any CPU
		{355C7AFF-DF19-46BF-B883-2CB3342DC072}.Debug|Any CPU.Build.0 = Debug|Any CPU
		{355C7AFF-DF19-46BF-B883-2CB3342DC072}.Release|Any CPU.ActiveCfg = Release|Any CPU
		{355C7AFF-DF19-46BF-B883-2CB3342DC072}.Release|Any CPU.Build.0 = Release|Any CPU
		{0A3647C1-09CB-4BEC-86ED-959216970DAD}.Debug|Any CPU.ActiveCfg = Debug|Any CPU
		{0A3647C1-09CB-4BEC-86ED-959216970DAD}.Debug|Any CPU.Build.0 = Debug|Any CPU
		{0A3647C1-09CB-4BEC-86ED-959216970DAD}.Release|Any CPU.ActiveCfg = Release|Any CPU
		{0A3647C1-09CB-4BEC-86ED-959216970DAD}.Release|Any CPU.Build.0 = Release|Any CPU
	EndGlobalSection
	GlobalSection(SolutionProperties) = preSolution
		HideSolutionNode = FALSE
	EndGlobalSection
	GlobalSection(ExtensibilityGlobals) = postSolution
		SolutionGuid = {45108D2B-8425-4D35-8016-2AC2E2CCB363}
	EndGlobalSection
EndGlobal
